github.com/clipperhouse/uax29/v2 v2.2.0 h1:ChwIKnQN3kcZteTXMgb1wztSgaU+ZemkgWdohwgs8tY=
github.com/clipperhouse/uax29/v2 v2.2.0/go.mod h1:EFJ2TJMRUaplDxHKj1qAEhCtQPW2tJSwu5BF98AuoVM=
github.com/mattn/go-runewidth v0.0.29 h1:3oGF3R/S2N9DQ3ptftzVIvg2eicmojCzlwBEmqEPDfQ=
github.com/mattn/go-runewidth v0.0.29/go.mod h1:3qAiGCV4Koz/yuveO58qUefmUTRm8r0IGEXZ9jeHp/8=
github.com/sunshineplan/utils v0.1.86 h1:TiJTbK4sywK1pOE01lDxHrfb+ounWHQBebyTrIzM+8Y=
github.com/sunshineplan/utils v0.1.86/go.mod h1:K5M8sNh+F47+aHfABZIiFJHVhC2DhiNhGZ9SgBQPPdE=
golang.org/x/sys v0.48.0 h1:bbX/i/6MgT9BVLM9RT1thmxL04yeTAhbEz4SyadbXoo=
golang.org/x/sys v0.48.0/go.mod h1:hNLxWAXmnKAxqDtdwIYC4bM9oQPEecfsnNMuSxOs3og=
